// !$*UTF8*$!
{
	archiveVersion = 1;
	classes = {
	};
	objectVersion = 46;
	objects = {

/* Begin PBXBuildFile section */
		B10000112F80000100100001 /* FTPrivacyViewFabric.mm in Sources */ = {isa = PBXBuildFile; fileRef = A10000112F80000100100001 /* FTPrivacyViewFabric.mm */; };
		B10000132F80000100100001 /* FTPrivacyViewPaper.mm in Sources */ = {isa = PBXBuildFile; fileRef = A10000132F80000100100001 /* FTPrivacyViewPaper.mm */; };
		B10000152F80000100100001 /* FTRCTFabricWrapper.mm in Sources */ = {isa = PBXBuildFile; fileRef = A10000152F80000100100001 /* FTRCTFabricWrapper.mm */; };
		B10000172F80000100100001 /* FTRCTTextPropertiesWrapper.mm in Sources */ = {isa = PBXBuildFile; fileRef = A10000172F80000100100001 /* FTRCTTextPropertiesWrapper.mm */; };
		B10000192F80000100100001 /* FTRCTTextViewRecorder.m in Sources */ = {isa = PBXBuildFile; fileRef = A10000192F80000100100001 /* FTRCTTextViewRecorder.m */; };
		B100001B2F80000100100001 /* FTReactNativeSessionReplay.mm in Sources */ = {isa = PBXBuildFile; fileRef = A100001B2F80000100100001 /* FTReactNativeSessionReplay.mm */; };
/* End PBXBuildFile section */

/* Begin PBXCopyFilesBuildPhase section */
		58B511D91A9E6C8500147676 /* CopyFiles */ = {
			isa = PBXCopyFilesBuildPhase;
			buildActionMask = 2147483647;
			dstPath = "include/$(PRODUCT_NAME)";
			dstSubfolderSpec = 16;
			files = (
			);
			runOnlyForDeploymentPostprocessing = 0;
		};
/* End PBXCopyFilesBuildPhase section */

/* Begin PBXFileReference section */
		134814201AA4EA6300B7C361 /* libFTSessionReplayReactNative.a */ = {isa = PBXFileReference; explicitFileType = archive.ar; includeInIndex = 0; path = libFTSessionReplayReactNative.a; sourceTree = BUILT_PRODUCTS_DIR; };
		A10000102F80000100100001 /* FTPrivacyViewFabric.h */ = {isa = PBXFileReference; lastKnownFileType = sourcecode.c.h; path = FTPrivacyViewFabric.h; sourceTree = "<group>"; };
		A10000112F80000100100001 /* FTPrivacyViewFabric.mm */ = {isa = PBXFileReference; lastKnownFileType = sourcecode.cpp.objcpp; path = FTPrivacyViewFabric.mm; sourceTree = "<group>"; };
		A10000122F80000100100001 /* FTPrivacyViewPaper.h */ = {isa = PBXFileReference; lastKnownFileType = sourcecode.c.h; path = FTPrivacyViewPaper.h; sourceTree = "<group>"; };
		A10000132F80000100100001 /* FTPrivacyViewPaper.mm */ = {isa = PBXFileReference; lastKnownFileType = sourcecode.cpp.objcpp; path = FTPrivacyViewPaper.mm; sourceTree = "<group>"; };
		A10000142F80000100100001 /* FTRCTFabricWrapper.h */ = {isa = PBXFileReference; lastKnownFileType = sourcecode.c.h; path = FTRCTFabricWrapper.h; sourceTree = "<group>"; };
		A10000152F80000100100001 /* FTRCTFabricWrapper.mm */ = {isa = PBXFileReference; lastKnownFileType = sourcecode.cpp.objcpp; path = FTRCTFabricWrapper.mm; sourceTree = "<group>"; };
		A10000162F80000100100001 /* FTRCTTextPropertiesWrapper.h */ = {isa = PBXFileReference; lastKnownFileType = sourcecode.c.h; path = FTRCTTextPropertiesWrapper.h; sourceTree = "<group>"; };
		A10000172F80000100100001 /* FTRCTTextPropertiesWrapper.mm */ = {isa = PBXFileReference; lastKnownFileType = sourcecode.cpp.objcpp; path = FTRCTTextPropertiesWrapper.mm; sourceTree = "<group>"; };
		A10000182F80000100100001 /* FTRCTTextViewRecorder.h */ = {isa = PBXFileReference; lastKnownFileType = sourcecode.c.h; path = FTRCTTextViewRecorder.h; sourceTree = "<group>"; };
		A10000192F80000100100001 /* FTRCTTextViewRecorder.m */ = {isa = PBXFileReference; lastKnownFileType = sourcecode.c.objc; path = FTRCTTextViewRecorder.m; sourceTree = "<group>"; };
		A100001A2F80000100100001 /* FTReactNativeSessionReplay.h */ = {isa = PBXFileReference; lastKnownFileType = sourcecode.c.h; path = FTReactNativeSessionReplay.h; sourceTree = "<group>"; };
		A100001B2F80000100100001 /* FTReactNativeSessionReplay.mm */ = {isa = PBXFileReference; lastKnownFileType = sourcecode.cpp.objcpp; path = FTReactNativeSessionReplay.mm; sourceTree = "<group>"; };
		A100001C2F80000100100001 /* RCTVersion.h */ = {isa = PBXFileReference; lastKnownFileType = sourcecode.c.h; path = RCTVersion.h; sourceTree = "<group>"; };
/* End PBXFileReference section */

/* Begin PBXFrameworksBuildPhase section */
		58B511D81A9E6C8500147676 /* Frameworks */ = {
			isa = PBXFrameworksBuildPhase;
			buildActionMask = 2147483647;
			files = (
			);
			runOnlyForDeploymentPostprocessing = 0;
		};
/* End PBXFrameworksBuildPhase section */

/* Begin PBXGroup section */
		134814211AA4EA7D00B7C361 /* Products */ = {
			isa = PBXGroup;
			children = (
				134814201AA4EA6300B7C361 /* libFTSessionReplayReactNative.a */,
			);
			name = Products;
			sourceTree = "<group>";
		};
		58B511D21A9E6C8500147676 = {
			isa = PBXGroup;
			children = (
				A10000102F80000100100001 /* FTPrivacyViewFabric.h */,
				A10000112F80000100100001 /* FTPrivacyViewFabric.mm */,
				A10000122F80000100100001 /* FTPrivacyViewPaper.h */,
				A10000132F80000100100001 /* FTPrivacyViewPaper.mm */,
				A10000142F80000100100001 /* FTRCTFabricWrapper.h */,
				A10000152F80000100100001 /* FTRCTFabricWrapper.mm */,
				A10000162F80000100100001 /* FTRCTTextPropertiesWrapper.h */,
				A10000172F80000100100001 /* FTRCTTextPropertiesWrapper.mm */,
				A10000182F80000100100001 /* FTRCTTextViewRecorder.h */,
				A10000192F80000100100001 /* FTRCTTextViewRecorder.m */,
				A100001A2F80000100100001 /* FTReactNativeSessionReplay.h */,
				A100001B2F80000100100001 /* FTReactNativeSessionReplay.mm */,
				A100001C2F80000100100001 /* RCTVersion.h */,
				134814211AA4EA7D00B7C361 /* Products */,
			);
			sourceTree = "<group>";
		};
/* End PBXGroup section */

/* Begin PBXNativeTarget section */
		58B511DA1A9E6C8500147676 /* FTSessionReplayReactNative */ = {
			isa = PBXNativeTarget;
			buildConfigurationList = 58B511EF1A9E6C8500147676 /* Build configuration list for PBXNativeTarget "FTSessionReplayReactNative" */;
			buildPhases = (
				58B511D71A9E6C8500147676 /* Sources */,
				58B511D81A9E6C8500147676 /* Frameworks */,
				58B511D91A9E6C8500147676 /* CopyFiles */,
			);
			buildRules = (
			);
			dependencies = (
			);
			name = FTSessionReplayReactNative;
			productName = FTSessionReplayReactNative;
			productReference = 134814201AA4EA6300B7C361 /* libFTSessionReplayReactNative.a */;
			productType = "com.apple.product-type.library.static";
		};
/* End PBXNativeTarget section */

/* Begin PBXProject section */
		58B511D31A9E6C8500147676 /* Project object */ = {
			isa = PBXProject;
			attributes = {
				LastUpgradeCheck = 0920;
				ORGANIZATIONNAME = CloudCare;
				TargetAttributes = {
					58B511DA1A9E6C8500147676 = {
						CreatedOnToolsVersion = 6.1.1;
					};
				};
			};
			buildConfigurationList = 58B511D61A9E6C8500147676 /* Build configuration list for PBXProject "FTSessionReplayReactNative" */;
			compatibilityVersion = "Xcode 3.2";
			developmentRegion = English;
			hasScannedForEncodings = 0;
			knownRegions = (
				English,
				en,
			);
			mainGroup = 58B511D21A9E6C8500147676;
			productRefGroup = 58B511D21A9E6C8500147676;
			projectDirPath = "";
			projectRoot = "";
			targets = (
				58B511DA1A9E6C8500147676 /* FTSessionReplayReactNative */,
			);
		};
/* End PBXProject section */

/* Begin PBXSourcesBuildPhase section */
		58B511D71A9E6C8500147676 /* Sources */ = {
			isa = PBXSourcesBuildPhase;
			buildActionMask = 2147483647;
			files = (
				B10000112F80000100100001 /* FTPrivacyViewFabric.mm in Sources */,
				B10000132F80000100100001 /* FTPrivacyViewPaper.mm in Sources */,
				B10000152F80000100100001 /* FTRCTFabricWrapper.mm in Sources */,
				B10000172F80000100100001 /* FTRCTTextPropertiesWrapper.mm in Sources */,
				B10000192F80000100100001 /* FTRCTTextViewRecorder.m in Sources */,
				B100001B2F80000100100001 /* FTReactNativeSessionReplay.mm in Sources */,
			);
			runOnlyForDeploymentPostprocessing = 0;
		};
/* End PBXSourcesBuildPhase section */

/* Begin XCBuildConfiguration section */
		58B511ED1A9E6C8500147676 /* Debug */ = {
			isa = XCBuildConfiguration;
			buildSettings = {
				ALWAYS_SEARCH_USER_PATHS = NO;
				CLANG_CXX_LANGUAGE_STANDARD = "gnu++0x";
				CLANG_CXX_LIBRARY = "libc++";
				CLANG_ENABLE_MODULES = YES;
				CLANG_ENABLE_OBJC_ARC = YES;
				CLANG_WARN_BLOCK_CAPTURE_AUTORELEASING = YES;
				CLANG_WARN_BOOL_CONVERSION = YES;
				CLANG_WARN_COMMA = YES;
				CLANG_WARN_CONSTANT_CONVERSION = YES;
				CLANG_WARN_DIRECT_OBJC_ISA_USAGE = YES_ERROR;
				CLANG_WARN_EMPTY_BODY = YES;
				CLANG_WARN_ENUM_CONVERSION = YES;
				CLANG_WARN_INFINITE_RECURSION = YES;
				CLANG_WARN_INT_CONVERSION = YES;
				CLANG_WARN_NON_LITERAL_NULL_CONVERSION = YES;
				CLANG_WARN_OBJC_LITERAL_CONVERSION = YES;
				CLANG_WARN_OBJC_ROOT_CLASS = YES_ERROR;
				CLANG_WARN_RANGE_LOOP_ANALYSIS = YES;
				CLANG_WARN_STRICT_PROTOTYPES = YES;
				CLANG_WARN_SUSPICIOUS_MOVE = YES;
				CLANG_WARN_UNREACHABLE_CODE = YES;
				CLANG_WARN__DUPLICATE_METHOD_MATCH = YES;
				COPY_PHASE_STRIP = NO;
				ENABLE_STRICT_OBJC_MSGSEND = YES;
				ENABLE_TESTABILITY = YES;
				GCC_C_LANGUAGE_STANDARD = gnu99;
				GCC_DYNAMIC_NO_PIC = NO;
				GCC_NO_COMMON_BLOCKS = YES;
				GCC_OPTIMIZATION_LEVEL = 0;
				GCC_PREPROCESSOR_DEFINITIONS = (
					"DEBUG=1",
					"$(inherited)",
				);
				GCC_SYMBOLS_PRIVATE_EXTERN = NO;
				GCC_WARN_64_TO_32_BIT_CONVERSION = YES;
				GCC_WARN_ABOUT_RETURN_TYPE = YES_ERROR;
				GCC_WARN_UNDECLARED_SELECTOR = YES;
				GCC_WARN_UNINITIALIZED_AUTOS = YES_AGGRESSIVE;
				GCC_WARN_UNUSED_FUNCTION = YES;
				GCC_WARN_UNUSED_VARIABLE = YES;
				IPHONEOS_DEPLOYMENT_TARGET = 10.0;
				MTL_ENABLE_DEBUG_INFO = YES;
				ONLY_ACTIVE_ARCH = YES;
				SDKROOT = iphoneos;
			};
			name = Debug;
		};
		58B511EE1A9E6C8500147676 /* Release */ = {
			isa = XCBuildConfiguration;
			buildSettings = {
				ALWAYS_SEARCH_USER_PATHS = NO;
				CLANG_CXX_LANGUAGE_STANDARD = "gnu++0x";
				CLANG_CXX_LIBRARY = "libc++";
				CLANG_ENABLE_MODULES = YES;
				CLANG_ENABLE_OBJC_ARC = YES;
				CLANG_WARN_BLOCK_CAPTURE_AUTORELEASING = YES;
				CLANG_WARN_BOOL_CONVERSION = YES;
				CLANG_WARN_COMMA = YES;
				CLANG_WARN_CONSTANT_CONVERSION = YES;
				CLANG_WARN_DIRECT_OBJC_ISA_USAGE = YES_ERROR;
				CLANG_WARN_EMPTY_BODY = YES;
				CLANG_WARN_ENUM_CONVERSION = YES;
				CLANG_WARN_INFINITE_RECURSION = YES;
				CLANG_WARN_INT_CONVERSION = YES;
				CLANG_WARN_NON_LITERAL_NULL_CONVERSION = YES;
				CLANG_WARN_OBJC_LITERAL_CONVERSION = YES;
				CLANG_WARN_OBJC_ROOT_CLASS = YES_ERROR;
				CLANG_WARN_RANGE_LOOP_ANALYSIS = YES;
				CLANG_WARN_STRICT_PROTOTYPES = YES;
				CLANG_WARN_SUSPICIOUS_MOVE = YES;
				CLANG_WARN_UNREACHABLE_CODE = YES;
				CLANG_WARN__DUPLICATE_METHOD_MATCH = YES;
				COPY_PHASE_STRIP = YES;
				ENABLE_NS_ASSERTIONS = NO;
				ENABLE_STRICT_OBJC_MSGSEND = YES;
				GCC_C_LANGUAGE_STANDARD = gnu99;
				GCC_NO_COMMON_BLOCKS = YES;
				GCC_WARN_64_TO_32_BIT_CONVERSION = YES;
				GCC_WARN_ABOUT_RETURN_TYPE = YES_ERROR;
				GCC_WARN_UNDECLARED_SELECTOR = YES;
				GCC_WARN_UNINITIALIZED_AUTOS = YES_AGGRESSIVE;
				GCC_WARN_UNUSED_FUNCTION = YES;
				GCC_WARN_UNUSED_VARIABLE = YES;
				IPHONEOS_DEPLOYMENT_TARGET = 10.0;
				MTL_ENABLE_DEBUG_INFO = NO;
				SDKROOT = iphoneos;
				VALIDATE_PRODUCT = YES;
			};
			name = Release;
		};
		58B511F01A9E6C8500147676 /* Debug */ = {
			isa = XCBuildConfiguration;
			buildSettings = {
				HEADER_SEARCH_PATHS = (
					"$(inherited)",
					/Applications/Xcode.app/Contents/Developer/Toolchains/XcodeDefault.xctoolchain/usr/include,
					"$(SRCROOT)/../../../React/**",
					"$(SRCROOT)/../../react-native/React/**",
				);
				LIBRARY_SEARCH_PATHS = "$(inherited)";
				OTHER_LDFLAGS = "-ObjC";
				PRODUCT_NAME = FTSessionReplayReactNative;
				SKIP_INSTALL = YES;
			};
			name = Debug;
		};
		58B511F11A9E6C8500147676 /* Release */ = {
			isa = XCBuildConfiguration;
			buildSettings = {
				HEADER_SEARCH_PATHS = (
					"$(inherited)",
					/Applications/Xcode.app/Contents/Developer/Toolchains/XcodeDefault.xctoolchain/usr/include,
					"$(SRCROOT)/../../../React/**",
					"$(SRCROOT)/../../react-native/React/**",
				);
				LIBRARY_SEARCH_PATHS = "$(inherited)";
				OTHER_LDFLAGS = "-ObjC";
				PRODUCT_NAME = FTSessionReplayReactNative;
				SKIP_INSTALL = YES;
			};
			name = Release;
		};
/* End XCBuildConfiguration section */

/* Begin XCConfigurationList section */
		58B511D61A9E6C8500147676 /* Build configuration list for PBXProject "FTSessionReplayReactNative" */ = {
			isa = XCConfigurationList;
			buildConfigurations = (
				58B511ED1A9E6C8500147676 /* Debug */,
				58B511EE1A9E6C8500147676 /* Release */,
			);
			defaultConfigurationIsVisible = 0;
			defaultConfigurationName = Release;
		};
		58B511EF1A9E6C8500147676 /* Build configuration list for PBXNativeTarget "FTSessionReplayReactNative" */ = {
			isa = XCConfigurationList;
			buildConfigurations = (
				58B511F01A9E6C8500147676 /* Debug */,
				58B511F11A9E6C8500147676 /* Release */,
			);
			defaultConfigurationIsVisible = 0;
			defaultConfigurationName = Release;
		};
/* End XCConfigurationList section */
	};
	rootObject = 58B511D31A9E6C8500147676 /* Project object */;
}
